
Microsoft Visual Studio Solution File, Format Version 12.00
# Visual Studio Version 16
VisualStudioVersion = 16.0.29519.181
MinimumVisualStudioVersion = 10.0.40219.1
Project("{9A19103F-16F7-4668-BE54-9A1E7A4F7556}") = "Fingerprintjs2.AspNetCore", "Fingerprintjs2.AspNetCore\Fingerprintjs2.AspNetCore.csproj", "{B7A0FB0E-9874-4FF5-82ED-8C515100A3E1}"
EndProject
Project("{FAE04EC0-301F-11D3-BF4B-00C04F79EFBC}") = "Fingerprintjs2.AspNetCore.Example", "Fingerprintjs2.AspNetCore.Example\Fingerprintjs2.AspNetCore.Example.csproj", "{5E989246-31F2-4BEF-8565-F8F425258BEC}"
EndProject
Global
	GlobalSection(SolutionConfigurationPlatforms) = preSolution
		Debug|Any CPU = Debug|Any CPU
		Release|Any CPU = Release|Any CPU
	EndGlobalSection
	GlobalSection(ProjectConfigurationPlatforms) = postSolution
		{B7A0FB0E-9874-4FF5-82ED-8C515100A3E1}.Debug|Any CPU.ActiveCfg = Debug|Any CPU
		{B7A0FB0E-9874-4FF5-82ED-8C515100A3E1}.Debug|Any CPU.Build.0 = Debug|Any CPU
		{B7A0FB0E-9874-4FF5-82ED-8C515100A3E1}.Release|Any CPU.ActiveCfg = Release|Any CPU
		{B7A0FB0E-9874-4FF5-82ED-8C515100A3E1}.Release|Any CPU.Build.0 = Release|Any CPU
		{5E989246-31F2-4BEF-8565-F8F425258BEC}.Debug|Any CPU.ActiveCfg = Debug|Any CPU
		{5E989246-31F2-4BEF-8565-F8F425258BEC}.Debug|Any CPU.Build.0 = Debug|Any CPU
		{5E989246-31F2-4BEF-8565-F8F425258BEC}.Release|Any CPU.ActiveCfg = Release|Any CPU
		{5E989246-31F2-4BEF-8565-F8F425258BEC}.Release|Any CPU.Build.0 = Release|Any CPU
	EndGlobalSection
	GlobalSection(SolutionProperties) = preSolution
		HideSolutionNode = FALSE
	EndGlobalSection
	GlobalSection(ExtensibilityGlobals) = postSolution
		SolutionGuid = {81A6A8D9-3EB8-47E8-A3BE-FCE4984CCC29}
	EndGlobalSection
EndGlobal
